
Microsoft Visual Studio Solution File, Format Version 12.00
# Visual Studio Version 16
VisualStudioVersion = 16.0.30104.148
MinimumVisualStudioVersion = 10.0.40219.1
Project("{FAE04EC0-301F-11D3-BF4B-00C04F79EFBC}") = "AlgoritmsandDataStructures", "AlgoritmsandDataStructures.csproj", "{1743A8A5-4B9E-4856-83D3-0D659B931198}"
EndProject
Global
	GlobalSection(SolutionConfigurationPlatforms) = preSolution
		Debug|Any CPU = Debug|Any CPU
		Release|Any CPU = Release|Any CPU
	EndGlobalSection
	GlobalSection(ProjectConfigurationPlatforms) = postSolution
		{1743A8A5-4B9E-4856-83D3-0D659B931198}.Debug|Any CPU.ActiveCfg = Debug|Any CPU
		{1743A8A5-4B9E-4856-83D3-0D659B931198}.Debug|Any CPU.Build.0 = Debug|Any CPU
		{1743A8A5-4B9E-4856-83D3-0D659B931198}.Release|Any CPU.ActiveCfg = Release|Any CPU
		{1743A8A5-4B9E-4856-83D3-0D659B931198}.Release|Any CPU.Build.0 = Release|Any CPU
	EndGlobalSection
	GlobalSection(SolutionProperties) = preSolution
		HideSolutionNode = FALSE
	EndGlobalSection
	GlobalSection(ExtensibilityGlobals) = postSolution
		SolutionGuid = {175F78AF-AA31-43A1-A17F-560D4115B817}
	EndGlobalSection
EndGlobal
